
Microsoft Visual Studio Solution File, Format Version 12.00
# Visual Studio Version 17
VisualStudioVersion = 17.4.33110.190
MinimumVisualStudioVersion = 10.0.40219.1
Project("{FAE04EC0-301F-11D3-BF4B-00C04F79EFBC}") = "RSS_Feed_App", "RSS_Feed_App\RSS_Feed_App.csproj", "{D8A99715-3E2D-49B3-B6A2-C647F92BD7B7}"
EndProject
Global
	GlobalSection(SolutionConfigurationPlatforms) = preSolution
		Debug|Any CPU = Debug|Any CPU
		Release|Any CPU = Release|Any CPU
	EndGlobalSection
	GlobalSection(ProjectConfigurationPlatforms) = postSolution
		{D8A99715-3E2D-49B3-B6A2-C647F92BD7B7}.Debug|Any CPU.ActiveCfg = Debug|Any CPU
		{D8A99715-3E2D-49B3-B6A2-C647F92BD7B7}.Debug|Any CPU.Build.0 = Debug|Any CPU
		{D8A99715-3E2D-49B3-B6A2-C647F92BD7B7}.Release|Any CPU.ActiveCfg = Release|Any CPU
		{D8A99715-3E2D-49B3-B6A2-C647F92BD7B7}.Release|Any CPU.Build.0 = Release|Any CPU
	EndGlobalSection
	GlobalSection(SolutionProperties) = preSolution
		HideSolutionNode = FALSE
	EndGlobalSection
	GlobalSection(ExtensibilityGlobals) = postSolution
		SolutionGuid = {BD93E86C-1D29-4F7D-BDC7-E037249D82D7}
	EndGlobalSection
EndGlobal
